
Microsoft Visual Studio Solution File, Format Version 12.00
# Visual Studio Version 16
VisualStudioVersion = 16.0.29418.71
MinimumVisualStudioVersion = 10.0.40219.1
Project("{FAE04EC0-301F-11D3-BF4B-00C04F79EFBC}") = "BlazorNinjas", "BlazorNinjas\BlazorNinjas.csproj", "{05021F31-F30D-446C-8228-6C805CADB6F7}"
EndProject
Project("{FAE04EC0-301F-11D3-BF4B-00C04F79EFBC}") = "NinjasApi", "NinjasApi\NinjasApi.csproj", "{5C565682-6E05-49C1-838E-BB6E36F6A68A}"
EndProject
Project("{FAE04EC0-301F-11D3-BF4B-00C04F79EFBC}") = "ApiModels", "ApiModels\ApiModels.csproj", "{BCF869FA-98DC-4652-9294-9EBC4462B372}"
EndProject
Global
	GlobalSection(SolutionConfigurationPlatforms) = preSolution
		Debug|Any CPU = Debug|Any CPU
		Release|Any CPU = Release|Any CPU
	EndGlobalSection
	GlobalSection(ProjectConfigurationPlatforms) = postSolution
		{05021F31-F30D-446C-8228-6C805CADB6F7}.Debug|Any CPU.ActiveCfg = Debug|Any CPU
		{05021F31-F30D-446C-8228-6C805CADB6F7}.Debug|Any CPU.Build.0 = Debug|Any CPU
		{05021F31-F30D-446C-8228-6C805CADB6F7}.Release|Any CPU.ActiveCfg = Release|Any CPU
		{05021F31-F30D-446C-8228-6C805CADB6F7}.Release|Any CPU.Build.0 = Release|Any CPU
		{5C565682-6E05-49C1-838E-BB6E36F6A68A}.Debug|Any CPU.ActiveCfg = Debug|Any CPU
		{5C565682-6E05-49C1-838E-BB6E36F6A68A}.Debug|Any CPU.Build.0 = Debug|Any CPU
		{5C565682-6E05-49C1-838E-BB6E36F6A68A}.Release|Any CPU.ActiveCfg = Release|Any CPU
		{5C565682-6E05-49C1-838E-BB6E36F6A68A}.Release|Any CPU.Build.0 = Release|Any CPU
		{BCF869FA-98DC-4652-9294-9EBC4462B372}.Debug|Any CPU.ActiveCfg = Debug|Any CPU
		{BCF869FA-98DC-4652-9294-9EBC4462B372}.Debug|Any CPU.Build.0 = Debug|Any CPU
		{BCF869FA-98DC-4652-9294-9EBC4462B372}.Release|Any CPU.ActiveCfg = Release|Any CPU
		{BCF869FA-98DC-4652-9294-9EBC4462B372}.Release|Any CPU.Build.0 = Release|Any CPU
	EndGlobalSection
	GlobalSection(SolutionProperties) = preSolution
		HideSolutionNode = FALSE
	EndGlobalSection
	GlobalSection(ExtensibilityGlobals) = postSolution
		SolutionGuid = {6AAB736D-90E4-429F-800F-7A26E7521CF5}
	EndGlobalSection
EndGlobal
